
Microsoft Visual Studio Solution File, Format Version 12.00
# Visual Studio 15
Project("{FAE04EC0-301F-11D3-BF4B-00C04F79EFBC}") = "Assembly-CSharp", "Assembly-CSharp.csproj", "{985607D6-2002-E0EF-3B22-923D06D0B218}"
EndProject
Project("{FAE04EC0-301F-11D3-BF4B-00C04F79EFBC}") = "Assembly-CSharp-Editor", "Assembly-CSharp-Editor.csproj", "{69632430-BFF7-8CD0-DCDA-562135ADD60A}"
EndProject
Global
	GlobalSection(SolutionConfigurationPlatforms) = preSolution
		Debug|Any CPU = Debug|Any CPU
		Release|Any CPU = Release|Any CPU
	EndGlobalSection
	GlobalSection(ProjectConfigurationPlatforms) = postSolution
		{985607D6-2002-E0EF-3B22-923D06D0B218}.Debug|Any CPU.ActiveCfg = Debug|Any CPU
		{985607D6-2002-E0EF-3B22-923D06D0B218}.Debug|Any CPU.Build.0 = Debug|Any CPU
		{985607D6-2002-E0EF-3B22-923D06D0B218}.Release|Any CPU.ActiveCfg = Release|Any CPU
		{985607D6-2002-E0EF-3B22-923D06D0B218}.Release|Any CPU.Build.0 = Release|Any CPU
		{69632430-BFF7-8CD0-DCDA-562135ADD60A}.Debug|Any CPU.ActiveCfg = Debug|Any CPU
		{69632430-BFF7-8CD0-DCDA-562135ADD60A}.Debug|Any CPU.Build.0 = Debug|Any CPU
		{69632430-BFF7-8CD0-DCDA-562135ADD60A}.Release|Any CPU.ActiveCfg = Release|Any CPU
		{69632430-BFF7-8CD0-DCDA-562135ADD60A}.Release|Any CPU.Build.0 = Release|Any CPU
	EndGlobalSection
	GlobalSection(SolutionProperties) = preSolution
		HideSolutionNode = FALSE
	EndGlobalSection
EndGlobal
